
Microsoft Visual Studio Solution File, Format Version 12.00
# Visual Studio Version 17
VisualStudioVersion = 17.10.35013.160
MinimumVisualStudioVersion = 10.0.40219.1
Project("{2150E333-8FDC-42A3-9474-1A3956D46DE8}") = "src", "src", "{CA54A9BE-5796-46A1-AF2B-FEDFA8211247}"
EndProject
Project("{2150E333-8FDC-42A3-9474-1A3956D46DE8}") = "Solution Items", "Solution Items", "{4C8E6DFF-B3AE-4610-A448-5D15B9AFAF0E}"
	ProjectSection(SolutionItems) = preProject
		.editorconfig = .editorconfig
		Directory.Build.props = Directory.Build.props
		Directory.Packages.props = Directory.Packages.props
	EndProjectSection
EndProject
Project("{9A19103F-16F7-4668-BE54-9A1E7A4F7556}") = "CompanyEmployees", "src\CompanyEmployees\CompanyEmployees.csproj", "{8F702603-FBB5-4155-9412-11E820141CFA}"
EndProject
Project("{FAE04EC0-301F-11D3-BF4B-00C04F79EFBC}") = "MiddlewareExample", "src\MiddlewareExample\MiddlewareExample.csproj", "{93B2CB20-AB01-4AE7-BACA-86E888642609}"
EndProject
Global
	GlobalSection(SolutionConfigurationPlatforms) = preSolution
		Debug|Any CPU = Debug|Any CPU
		Release|Any CPU = Release|Any CPU
	EndGlobalSection
	GlobalSection(ProjectConfigurationPlatforms) = postSolution
		{8F702603-FBB5-4155-9412-11E820141CFA}.Debug|Any CPU.ActiveCfg = Debug|Any CPU
		{8F702603-FBB5-4155-9412-11E820141CFA}.Debug|Any CPU.Build.0 = Debug|Any CPU
		{8F702603-FBB5-4155-9412-11E820141CFA}.Release|Any CPU.ActiveCfg = Release|Any CPU
		{8F702603-FBB5-4155-9412-11E820141CFA}.Release|Any CPU.Build.0 = Release|Any CPU
		{93B2CB20-AB01-4AE7-BACA-86E888642609}.Debug|Any CPU.ActiveCfg = Debug|Any CPU
		{93B2CB20-AB01-4AE7-BACA-86E888642609}.Debug|Any CPU.Build.0 = Debug|Any CPU
		{93B2CB20-AB01-4AE7-BACA-86E888642609}.Release|Any CPU.ActiveCfg = Release|Any CPU
		{93B2CB20-AB01-4AE7-BACA-86E888642609}.Release|Any CPU.Build.0 = Release|Any CPU
	EndGlobalSection
	GlobalSection(SolutionProperties) = preSolution
		HideSolutionNode = FALSE
	EndGlobalSection
	GlobalSection(NestedProjects) = preSolution
		{8F702603-FBB5-4155-9412-11E820141CFA} = {CA54A9BE-5796-46A1-AF2B-FEDFA8211247}
		{93B2CB20-AB01-4AE7-BACA-86E888642609} = {CA54A9BE-5796-46A1-AF2B-FEDFA8211247}
	EndGlobalSection
	GlobalSection(ExtensibilityGlobals) = postSolution
		SolutionGuid = {19E5C066-33C8-4AEA-862F-FE767F16C4BD}
	EndGlobalSection
EndGlobal
